{
  "name": "node-red-contrib-influxdb3",
  "version": "0.1.0",
  "description": "Node-RED nodes for InfluxDB 3.0",
  "license": "Apache-2.0",
  "keywords": [
    "node-red",
    "influxdb",
    "time-series",
    "database"
  ],
  "node-red": {
    "nodes": {
      "influxdb": "influxdb3.js"
    }
  },
  "dependencies": {
    "@influxdata/influxdb3-client": "~1.1.0",
    "lodash": "^4.17.21"
  },
  "engines": {
    "node": ">=14"
  },
  "repository": {
    "type": "git",
    "url": "https://github.com/jaal2001/node-red-contrib-influxdb3"
  },
  "author": "Jan ALbrecht",
  "main": "influxdb3.js"
}
